
Microsoft Visual Studio Solution File, Format Version 12.00
# Visual Studio Version 16
VisualStudioVersion = 16.0.30914.41
MinimumVisualStudioVersion = 10.0.40219.1
Project("{D954291E-2A0B-460D-934E-DC6B0785DB48}") = "Storyteller.Shared", "Storyteller\Storyteller.Shared\Storyteller.Shared.shproj", "{6279C845-92F8-4333-AB99-3D213163593C}"
EndProject
Project("{9A19103F-16F7-4668-BE54-9A1E7A4F7556}") = "Storyteller.Wasm", "Storyteller\Storyteller.Wasm\Storyteller.Wasm.csproj", "{E3D3A372-84E9-4D55-98BC-EF126FFEE368}"
EndProject
Project("{F2A71F9B-5D33-465A-A702-920D77279786}") = "StorytellerServer", "StorytellerServer\StorytellerServer.fsproj", "{B5FA9066-9C86-41D5-80DA-8CC83BD31F69}"
EndProject
Project("{FAE04EC0-301F-11D3-BF4B-00C04F79EFBC}") = "Plugins", "Plugins\Plugins.csproj", "{26D1EED0-9D8C-4447-A30C-D465A6A71550}"
EndProject
Project("{FAE04EC0-301F-11D3-BF4B-00C04F79EFBC}") = "STPluginUtils", "STPluginUtils\STPluginUtils.csproj", "{2215BE10-D5FD-476D-812B-3B31B9795222}"
EndProject
Project("{FAE04EC0-301F-11D3-BF4B-00C04F79EFBC}") = "ExamplePlugin", "ExamplePlugin\ExamplePlugin.csproj", "{10577487-0A0E-4F16-8BA9-040068AAD808}"
EndProject
Global
	GlobalSection(SharedMSBuildProjectFiles) = preSolution
		Storyteller\Storyteller.Shared\Storyteller.Shared.projitems*{6279c845-92f8-4333-ab99-3d213163593c}*SharedItemsImports = 13
		Storyteller\Storyteller.Shared\Storyteller.Shared.projitems*{e3d3a372-84e9-4d55-98bc-ef126ffee368}*SharedItemsImports = 5
	EndGlobalSection
	GlobalSection(SolutionConfigurationPlatforms) = preSolution
		Debug|Any CPU = Debug|Any CPU
		Debug|arm64 = Debug|arm64
		Debug|x64 = Debug|x64
		Debug|x86 = Debug|x86
		Release|Any CPU = Release|Any CPU
		Release|arm64 = Release|arm64
		Release|x64 = Release|x64
		Release|x86 = Release|x86
	EndGlobalSection
	GlobalSection(ProjectConfigurationPlatforms) = postSolution
		{E3D3A372-84E9-4D55-98BC-EF126FFEE368}.Debug|Any CPU.ActiveCfg = Debug|Any CPU
		{E3D3A372-84E9-4D55-98BC-EF126FFEE368}.Debug|Any CPU.Build.0 = Debug|Any CPU
		{E3D3A372-84E9-4D55-98BC-EF126FFEE368}.Debug|arm64.ActiveCfg = Debug|Any CPU
		{E3D3A372-84E9-4D55-98BC-EF126FFEE368}.Debug|arm64.Build.0 = Debug|Any CPU
		{E3D3A372-84E9-4D55-98BC-EF126FFEE368}.Debug|x64.ActiveCfg = Debug|Any CPU
		{E3D3A372-84E9-4D55-98BC-EF126FFEE368}.Debug|x64.Build.0 = Debug|Any CPU
		{E3D3A372-84E9-4D55-98BC-EF126FFEE368}.Debug|x86.ActiveCfg = Debug|Any CPU
		{E3D3A372-84E9-4D55-98BC-EF126FFEE368}.Debug|x86.Build.0 = Debug|Any CPU
		{E3D3A372-84E9-4D55-98BC-EF126FFEE368}.Release|Any CPU.ActiveCfg = Release|Any CPU
		{E3D3A372-84E9-4D55-98BC-EF126FFEE368}.Release|Any CPU.Build.0 = Release|Any CPU
		{E3D3A372-84E9-4D55-98BC-EF126FFEE368}.Release|arm64.ActiveCfg = Release|Any CPU
		{E3D3A372-84E9-4D55-98BC-EF126FFEE368}.Release|arm64.Build.0 = Release|Any CPU
		{E3D3A372-84E9-4D55-98BC-EF126FFEE368}.Release|x64.ActiveCfg = Release|Any CPU
		{E3D3A372-84E9-4D55-98BC-EF126FFEE368}.Release|x64.Build.0 = Release|Any CPU
		{E3D3A372-84E9-4D55-98BC-EF126FFEE368}.Release|x86.ActiveCfg = Release|Any CPU
		{E3D3A372-84E9-4D55-98BC-EF126FFEE368}.Release|x86.Build.0 = Release|Any CPU
		{B5FA9066-9C86-41D5-80DA-8CC83BD31F69}.Debug|Any CPU.ActiveCfg = Debug|Any CPU
		{B5FA9066-9C86-41D5-80DA-8CC83BD31F69}.Debug|Any CPU.Build.0 = Debug|Any CPU
		{B5FA9066-9C86-41D5-80DA-8CC83BD31F69}.Debug|arm64.ActiveCfg = Debug|Any CPU
		{B5FA9066-9C86-41D5-80DA-8CC83BD31F69}.Debug|arm64.Build.0 = Debug|Any CPU
		{B5FA9066-9C86-41D5-80DA-8CC83BD31F69}.Debug|x64.ActiveCfg = Debug|Any CPU
		{B5FA9066-9C86-41D5-80DA-8CC83BD31F69}.Debug|x64.Build.0 = Debug|Any CPU
		{B5FA9066-9C86-41D5-80DA-8CC83BD31F69}.Debug|x86.ActiveCfg = Debug|Any CPU
		{B5FA9066-9C86-41D5-80DA-8CC83BD31F69}.Debug|x86.Build.0 = Debug|Any CPU
		{B5FA9066-9C86-41D5-80DA-8CC83BD31F69}.Release|Any CPU.ActiveCfg = Release|Any CPU
		{B5FA9066-9C86-41D5-80DA-8CC83BD31F69}.Release|Any CPU.Build.0 = Release|Any CPU
		{B5FA9066-9C86-41D5-80DA-8CC83BD31F69}.Release|arm64.ActiveCfg = Release|Any CPU
		{B5FA9066-9C86-41D5-80DA-8CC83BD31F69}.Release|arm64.Build.0 = Release|Any CPU
		{B5FA9066-9C86-41D5-80DA-8CC83BD31F69}.Release|x64.ActiveCfg = Release|Any CPU
		{B5FA9066-9C86-41D5-80DA-8CC83BD31F69}.Release|x64.Build.0 = Release|Any CPU
		{B5FA9066-9C86-41D5-80DA-8CC83BD31F69}.Release|x86.ActiveCfg = Release|Any CPU
		{B5FA9066-9C86-41D5-80DA-8CC83BD31F69}.Release|x86.Build.0 = Release|Any CPU
		{26D1EED0-9D8C-4447-A30C-D465A6A71550}.Debug|Any CPU.ActiveCfg = Debug|Any CPU
		{26D1EED0-9D8C-4447-A30C-D465A6A71550}.Debug|Any CPU.Build.0 = Debug|Any CPU
		{26D1EED0-9D8C-4447-A30C-D465A6A71550}.Debug|arm64.ActiveCfg = Debug|Any CPU
		{26D1EED0-9D8C-4447-A30C-D465A6A71550}.Debug|arm64.Build.0 = Debug|Any CPU
		{26D1EED0-9D8C-4447-A30C-D465A6A71550}.Debug|x64.ActiveCfg = Debug|Any CPU
		{26D1EED0-9D8C-4447-A30C-D465A6A71550}.Debug|x64.Build.0 = Debug|Any CPU
		{26D1EED0-9D8C-4447-A30C-D465A6A71550}.Debug|x86.ActiveCfg = Debug|Any CPU
		{26D1EED0-9D8C-4447-A30C-D465A6A71550}.Debug|x86.Build.0 = Debug|Any CPU
		{26D1EED0-9D8C-4447-A30C-D465A6A71550}.Release|Any CPU.ActiveCfg = Release|Any CPU
		{26D1EED0-9D8C-4447-A30C-D465A6A71550}.Release|Any CPU.Build.0 = Release|Any CPU
		{26D1EED0-9D8C-4447-A30C-D465A6A71550}.Release|arm64.ActiveCfg = Release|Any CPU
		{26D1EED0-9D8C-4447-A30C-D465A6A71550}.Release|arm64.Build.0 = Release|Any CPU
		{26D1EED0-9D8C-4447-A30C-D465A6A71550}.Release|x64.ActiveCfg = Release|Any CPU
		{26D1EED0-9D8C-4447-A30C-D465A6A71550}.Release|x64.Build.0 = Release|Any CPU
		{26D1EED0-9D8C-4447-A30C-D465A6A71550}.Release|x86.ActiveCfg = Release|Any CPU
		{26D1EED0-9D8C-4447-A30C-D465A6A71550}.Release|x86.Build.0 = Release|Any CPU
		{2215BE10-D5FD-476D-812B-3B31B9795222}.Debug|Any CPU.ActiveCfg = Debug|Any CPU
		{2215BE10-D5FD-476D-812B-3B31B9795222}.Debug|Any CPU.Build.0 = Debug|Any CPU
		{2215BE10-D5FD-476D-812B-3B31B9795222}.Debug|arm64.ActiveCfg = Debug|Any CPU
		{2215BE10-D5FD-476D-812B-3B31B9795222}.Debug|arm64.Build.0 = Debug|Any CPU
		{2215BE10-D5FD-476D-812B-3B31B9795222}.Debug|x64.ActiveCfg = Debug|Any CPU
		{2215BE10-D5FD-476D-812B-3B31B9795222}.Debug|x64.Build.0 = Debug|Any CPU
		{2215BE10-D5FD-476D-812B-3B31B9795222}.Debug|x86.ActiveCfg = Debug|Any CPU
		{2215BE10-D5FD-476D-812B-3B31B9795222}.Debug|x86.Build.0 = Debug|Any CPU
		{2215BE10-D5FD-476D-812B-3B31B9795222}.Release|Any CPU.ActiveCfg = Release|Any CPU
		{2215BE10-D5FD-476D-812B-3B31B9795222}.Release|Any CPU.Build.0 = Release|Any CPU
		{2215BE10-D5FD-476D-812B-3B31B9795222}.Release|arm64.ActiveCfg = Release|Any CPU
		{2215BE10-D5FD-476D-812B-3B31B9795222}.Release|arm64.Build.0 = Release|Any CPU
		{2215BE10-D5FD-476D-812B-3B31B9795222}.Release|x64.ActiveCfg = Release|Any CPU
		{2215BE10-D5FD-476D-812B-3B31B9795222}.Release|x64.Build.0 = Release|Any CPU
		{2215BE10-D5FD-476D-812B-3B31B9795222}.Release|x86.ActiveCfg = Release|Any CPU
		{2215BE10-D5FD-476D-812B-3B31B9795222}.Release|x86.Build.0 = Release|Any CPU
		{10577487-0A0E-4F16-8BA9-040068AAD808}.Debug|Any CPU.ActiveCfg = Debug|Any CPU
		{10577487-0A0E-4F16-8BA9-040068AAD808}.Debug|Any CPU.Build.0 = Debug|Any CPU
		{10577487-0A0E-4F16-8BA9-040068AAD808}.Debug|arm64.ActiveCfg = Debug|Any CPU
		{10577487-0A0E-4F16-8BA9-040068AAD808}.Debug|arm64.Build.0 = Debug|Any CPU
		{10577487-0A0E-4F16-8BA9-040068AAD808}.Debug|x64.ActiveCfg = Debug|Any CPU
		{10577487-0A0E-4F16-8BA9-040068AAD808}.Debug|x64.Build.0 = Debug|Any CPU
		{10577487-0A0E-4F16-8BA9-040068AAD808}.Debug|x86.ActiveCfg = Debug|Any CPU
		{10577487-0A0E-4F16-8BA9-040068AAD808}.Debug|x86.Build.0 = Debug|Any CPU
		{10577487-0A0E-4F16-8BA9-040068AAD808}.Release|Any CPU.ActiveCfg = Release|Any CPU
		{10577487-0A0E-4F16-8BA9-040068AAD808}.Release|Any CPU.Build.0 = Release|Any CPU
		{10577487-0A0E-4F16-8BA9-040068AAD808}.Release|arm64.ActiveCfg = Release|Any CPU
		{10577487-0A0E-4F16-8BA9-040068AAD808}.Release|arm64.Build.0 = Release|Any CPU
		{10577487-0A0E-4F16-8BA9-040068AAD808}.Release|x64.ActiveCfg = Release|Any CPU
		{10577487-0A0E-4F16-8BA9-040068AAD808}.Release|x64.Build.0 = Release|Any CPU
		{10577487-0A0E-4F16-8BA9-040068AAD808}.Release|x86.ActiveCfg = Release|Any CPU
		{10577487-0A0E-4F16-8BA9-040068AAD808}.Release|x86.Build.0 = Release|Any CPU
	EndGlobalSection
	GlobalSection(SolutionProperties) = preSolution
		HideSolutionNode = FALSE
	EndGlobalSection
	GlobalSection(ExtensibilityGlobals) = postSolution
		SolutionGuid = {6910AC5C-1D91-443E-B691-E7296BDD6C86}
	EndGlobalSection
EndGlobal
